
Microsoft Visual Studio Solution File, Format Version 12.00
# Visual Studio 15
VisualStudioVersion = 15.0.26228.4
MinimumVisualStudioVersion = 10.0.40219.1
Project("{FAE04EC0-301F-11D3-BF4B-00C04F79EFBC}") = "LabOne", "LabOne\LabOne.csproj", "{56F63DD8-920D-463F-826B-45AECF384E9E}"
EndProject
Project("{FAE04EC0-301F-11D3-BF4B-00C04F79EFBC}") = "LabTwo", "LabTwo\LabTwo.csproj", "{BEA7F187-DAC9-4FE1-AD6F-045737C298F6}"
EndProject
Project("{FAE04EC0-301F-11D3-BF4B-00C04F79EFBC}") = "LabThree", "LabThree\LabThree.csproj", "{9D9960C5-03E5-4492-B245-8B17376684C1}"
EndProject
Project("{FAE04EC0-301F-11D3-BF4B-00C04F79EFBC}") = "LabFour", "LabFour\LabFour.csproj", "{785BDE6F-8184-4787-AF40-ACF289520FFA}"
EndProject
Project("{FAE04EC0-301F-11D3-BF4B-00C04F79EFBC}") = "LabFive", "LabFive\LabFive.csproj", "{2E03991B-2F75-41B1-8123-AA31017F8909}"
EndProject
Global
	GlobalSection(SolutionConfigurationPlatforms) = preSolution
		Debug|Any CPU = Debug|Any CPU
		Release|Any CPU = Release|Any CPU
	EndGlobalSection
	GlobalSection(ProjectConfigurationPlatforms) = postSolution
		{56F63DD8-920D-463F-826B-45AECF384E9E}.Debug|Any CPU.ActiveCfg = Debug|Any CPU
		{56F63DD8-920D-463F-826B-45AECF384E9E}.Debug|Any CPU.Build.0 = Debug|Any CPU
		{56F63DD8-920D-463F-826B-45AECF384E9E}.Release|Any CPU.ActiveCfg = Release|Any CPU
		{56F63DD8-920D-463F-826B-45AECF384E9E}.Release|Any CPU.Build.0 = Release|Any CPU
		{BEA7F187-DAC9-4FE1-AD6F-045737C298F6}.Debug|Any CPU.ActiveCfg = Debug|Any CPU
		{BEA7F187-DAC9-4FE1-AD6F-045737C298F6}.Debug|Any CPU.Build.0 = Debug|Any CPU
		{BEA7F187-DAC9-4FE1-AD6F-045737C298F6}.Release|Any CPU.ActiveCfg = Release|Any CPU
		{BEA7F187-DAC9-4FE1-AD6F-045737C298F6}.Release|Any CPU.Build.0 = Release|Any CPU
		{9D9960C5-03E5-4492-B245-8B17376684C1}.Debug|Any CPU.ActiveCfg = Debug|Any CPU
		{9D9960C5-03E5-4492-B245-8B17376684C1}.Debug|Any CPU.Build.0 = Debug|Any CPU
		{9D9960C5-03E5-4492-B245-8B17376684C1}.Release|Any CPU.ActiveCfg = Release|Any CPU
		{9D9960C5-03E5-4492-B245-8B17376684C1}.Release|Any CPU.Build.0 = Release|Any CPU
		{785BDE6F-8184-4787-AF40-ACF289520FFA}.Debug|Any CPU.ActiveCfg = Debug|Any CPU
		{785BDE6F-8184-4787-AF40-ACF289520FFA}.Debug|Any CPU.Build.0 = Debug|Any CPU
		{785BDE6F-8184-4787-AF40-ACF289520FFA}.Release|Any CPU.ActiveCfg = Release|Any CPU
		{785BDE6F-8184-4787-AF40-ACF289520FFA}.Release|Any CPU.Build.0 = Release|Any CPU
		{2E03991B-2F75-41B1-8123-AA31017F8909}.Debug|Any CPU.ActiveCfg = Debug|Any CPU
		{2E03991B-2F75-41B1-8123-AA31017F8909}.Debug|Any CPU.Build.0 = Debug|Any CPU
		{2E03991B-2F75-41B1-8123-AA31017F8909}.Release|Any CPU.ActiveCfg = Release|Any CPU
		{2E03991B-2F75-41B1-8123-AA31017F8909}.Release|Any CPU.Build.0 = Release|Any CPU
	EndGlobalSection
	GlobalSection(SolutionProperties) = preSolution
		HideSolutionNode = FALSE
	EndGlobalSection
EndGlobal
